
Microsoft Visual Studio Solution File, Format Version 12.00
# Visual Studio 15
VisualStudioVersion = 15.0.28307.1340
MinimumVisualStudioVersion = 10.0.40219.1
Project("{8BC9CEB8-8B4A-11D0-8D11-00A0C91BC942}") = "EXAMPLEWINAPI", "EXAMPLEWINAPI\EXAMPLEWINAPI.vcxproj", "{36011FF5-0951-48A6-AEBA-6F2DE7BE2108}"
EndProject
Global
	GlobalSection(SolutionConfigurationPlatforms) = preSolution
		Debug|x64 = Debug|x64
		Debug|x86 = Debug|x86
		Release|x64 = Release|x64
		Release|x86 = Release|x86
	EndGlobalSection
	GlobalSection(ProjectConfigurationPlatforms) = postSolution
		{36011FF5-0951-48A6-AEBA-6F2DE7BE2108}.Debug|x64.ActiveCfg = Debug|x64
		{36011FF5-0951-48A6-AEBA-6F2DE7BE2108}.Debug|x64.Build.0 = Debug|x64
		{36011FF5-0951-48A6-AEBA-6F2DE7BE2108}.Debug|x86.ActiveCfg = Debug|Win32
		{36011FF5-0951-48A6-AEBA-6F2DE7BE2108}.Debug|x86.Build.0 = Debug|Win32
		{36011FF5-0951-48A6-AEBA-6F2DE7BE2108}.Release|x64.ActiveCfg = Release|x64
		{36011FF5-0951-48A6-AEBA-6F2DE7BE2108}.Release|x64.Build.0 = Release|x64
		{36011FF5-0951-48A6-AEBA-6F2DE7BE2108}.Release|x86.ActiveCfg = Release|Win32
		{36011FF5-0951-48A6-AEBA-6F2DE7BE2108}.Release|x86.Build.0 = Release|Win32
	EndGlobalSection
	GlobalSection(SolutionProperties) = preSolution
		HideSolutionNode = FALSE
	EndGlobalSection
	GlobalSection(ExtensibilityGlobals) = postSolution
		SolutionGuid = {0A5AB8ED-3BA9-4376-ADF8-124740C866EB}
	EndGlobalSection
EndGlobal
